
Microsoft Visual Studio Solution File, Format Version 12.00
Project("{FAE04EC0-301F-11D3-BF4B-00C04F79EFBC}") = "NZWalks.API", "NZWalks.API\NZWalks.API.csproj", "{EC6AC648-F1DF-452D-9610-C74B75346539}"
EndProject
Global
	GlobalSection(SolutionConfigurationPlatforms) = preSolution
		Debug|Any CPU = Debug|Any CPU
		Release|Any CPU = Release|Any CPU
	EndGlobalSection
	GlobalSection(ProjectConfigurationPlatforms) = postSolution
		{EC6AC648-F1DF-452D-9610-C74B75346539}.Debug|Any CPU.ActiveCfg = Debug|Any CPU
		{EC6AC648-F1DF-452D-9610-C74B75346539}.Debug|Any CPU.Build.0 = Debug|Any CPU
		{EC6AC648-F1DF-452D-9610-C74B75346539}.Release|Any CPU.ActiveCfg = Release|Any CPU
		{EC6AC648-F1DF-452D-9610-C74B75346539}.Release|Any CPU.Build.0 = Release|Any CPU
	EndGlobalSection
EndGlobal
